// !$*UTF8*$!
{
	archiveVersion = 1;
	classes = {
	};
	objectVersion = 56;
	objects = {

/* Begin PBXBuildFile section */
		9E1C357A2A468423002C4661 /* OptionsView.swift in Sources */ = {isa = PBXBuildFile; fileRef = 9E1C35792A468423002C4661 /* OptionsView.swift */; };
		9E1C357C2A469978002C4661 /* AudioOptionsView.swift in Sources */ = {isa = PBXBuildFile; fileRef = 9E1C357B2A469978002C4661 /* AudioOptionsView.swift */; };
		9E6E72B42A41F1D600BB009B /* launchSound.mp3 in Resources */ = {isa = PBXBuildFile; fileRef = 9E6E72AF2A41F1D600BB009B /* launchSound.mp3 */; };
		9E6E72B52A41F1D600BB009B /* noMatchSound.mp3 in Resources */ = {isa = PBXBuildFile; fileRef = 9E6E72B02A41F1D600BB009B /* noMatchSound.mp3 */; };
		9E6E72B62A41F1D600BB009B /* matchSound.mp3 in Resources */ = {isa = PBXBuildFile; fileRef = 9E6E72B12A41F1D600BB009B /* matchSound.mp3 */; };
		9E6E72B72A41F1D600BB009B /* countDownSound.mp3 in Resources */ = {isa = PBXBuildFile; fileRef = 9E6E72B22A41F1D600BB009B /* countDownSound.mp3 */; };
		9E6E72B82A41F1D600BB009B /* completeSound.mp3 in Resources */ = {isa = PBXBuildFile; fileRef = 9E6E72B32A41F1D600BB009B /* completeSound.mp3 */; };
		9E6E72BB2A41F21D00BB009B /* LaunchScreen.storyboard in Resources */ = {isa = PBXBuildFile; fileRef = 9E6E72B92A41F21C00BB009B /* LaunchScreen.storyboard */; };
		9E6E72BC2A41F21D00BB009B /* Main.storyboard in Resources */ = {isa = PBXBuildFile; fileRef = 9E6E72BA2A41F21D00BB009B /* Main.storyboard */; };
		9E6E72C02A41F30B00BB009B /* ViewControllerExtension.swift in Sources */ = {isa = PBXBuildFile; fileRef = 9E6E72BD2A41F30B00BB009B /* ViewControllerExtension.swift */; };
		9E6E72C12A41F30B00BB009B /* ViewController.swift in Sources */ = {isa = PBXBuildFile; fileRef = 9E6E72BE2A41F30B00BB009B /* ViewController.swift */; };
		9E6E72C22A41F30B00BB009B /* ScoreBoardViewController.swift in Sources */ = {isa = PBXBuildFile; fileRef = 9E6E72BF2A41F30B00BB009B /* ScoreBoardViewController.swift */; };
		9E6E72C72A41F3EE00BB009B /* Audio.swift in Sources */ = {isa = PBXBuildFile; fileRef = 9E6E72C32A41F3ED00BB009B /* Audio.swift */; };
		9E6E72C82A41F3EE00BB009B /* Playthrough.swift in Sources */ = {isa = PBXBuildFile; fileRef = 9E6E72C42A41F3ED00BB009B /* Playthrough.swift */; };
		9E6E72C92A41F3EE00BB009B /* TopScoresDataProvider.swift in Sources */ = {isa = PBXBuildFile; fileRef = 9E6E72C52A41F3EE00BB009B /* TopScoresDataProvider.swift */; };
		9E6E72CA2A41F3EE00BB009B /* TopScoresDataSource.swift in Sources */ = {isa = PBXBuildFile; fileRef = 9E6E72C62A41F3EE00BB009B /* TopScoresDataSource.swift */; };
		9ED3D78F2A42AF3800BD31F9 /* GameCenterManager.swift in Sources */ = {isa = PBXBuildFile; fileRef = 9ED3D78E2A42AF3800BD31F9 /* GameCenterManager.swift */; };
		9EDDCBFB2A3CF4C5006E7B01 /* AppDelegate.swift in Sources */ = {isa = PBXBuildFile; fileRef = 9EDDCBFA2A3CF4C5006E7B01 /* AppDelegate.swift */; };
		9EDDCBFD2A3CF4C5006E7B01 /* SceneDelegate.swift in Sources */ = {isa = PBXBuildFile; fileRef = 9EDDCBFC2A3CF4C5006E7B01 /* SceneDelegate.swift */; };
		9EDDCC052A3CF4C5006E7B01 /* MemoryPirates.xcdatamodeld in Sources */ = {isa = PBXBuildFile; fileRef = 9EDDCC032A3CF4C5006E7B01 /* MemoryPirates.xcdatamodeld */; };
		9EDDCC072A3CF4C8006E7B01 /* Assets.xcassets in Resources */ = {isa = PBXBuildFile; fileRef = 9EDDCC062A3CF4C8006E7B01 /* Assets.xcassets */; };
/* End PBXBuildFile section */

/* Begin PBXFileReference section */
		9E1C35792A468423002C4661 /* OptionsView.swift */ = {isa = PBXFileReference; lastKnownFileType = sourcecode.swift; path = OptionsView.swift; sourceTree = "<group>"; };
		9E1C357B2A469978002C4661 /* AudioOptionsView.swift */ = {isa = PBXFileReference; lastKnownFileType = sourcecode.swift; path = AudioOptionsView.swift; sourceTree = "<group>"; };
		9E6E72AF2A41F1D600BB009B /* launchSound.mp3 */ = {isa = PBXFileReference; lastKnownFileType = audio.mp3; path = launchSound.mp3; sourceTree = "<group>"; };
		9E6E72B02A41F1D600BB009B /* noMatchSound.mp3 */ = {isa = PBXFileReference; lastKnownFileType = audio.mp3; path = noMatchSound.mp3; sourceTree = "<group>"; };
		9E6E72B12A41F1D600BB009B /* matchSound.mp3 */ = {isa = PBXFileReference; lastKnownFileType = audio.mp3; path = matchSound.mp3; sourceTree = "<group>"; };
		9E6E72B22A41F1D600BB009B /* countDownSound.mp3 */ = {isa = PBXFileReference; lastKnownFileType = audio.mp3; path = countDownSound.mp3; sourceTree = "<group>"; };
		9E6E72B32A41F1D600BB009B /* completeSound.mp3 */ = {isa = PBXFileReference; lastKnownFileType = audio.mp3; path = completeSound.mp3; sourceTree = "<group>"; };
		9E6E72B92A41F21C00BB009B /* LaunchScreen.storyboard */ = {isa = PBXFileReference; fileEncoding = 4; lastKnownFileType = file.storyboard; path = LaunchScreen.storyboard; sourceTree = "<group>"; };
		9E6E72BA2A41F21D00BB009B /* Main.storyboard */ = {isa = PBXFileReference; fileEncoding = 4; lastKnownFileType = file.storyboard; path = Main.storyboard; sourceTree = "<group>"; };
		9E6E72BD2A41F30B00BB009B /* ViewControllerExtension.swift */ = {isa = PBXFileReference; fileEncoding = 4; lastKnownFileType = sourcecode.swift; path = ViewControllerExtension.swift; sourceTree = "<group>"; };
		9E6E72BE2A41F30B00BB009B /* ViewController.swift */ = {isa = PBXFileReference; fileEncoding = 4; lastKnownFileType = sourcecode.swift; path = ViewController.swift; sourceTree = "<group>"; };
		9E6E72BF2A41F30B00BB009B /* ScoreBoardViewController.swift */ = {isa = PBXFileReference; fileEncoding = 4; lastKnownFileType = sourcecode.swift; path = ScoreBoardViewController.swift; sourceTree = "<group>"; };
		9E6E72C32A41F3ED00BB009B /* Audio.swift */ = {isa = PBXFileReference; fileEncoding = 4; lastKnownFileType = sourcecode.swift; path = Audio.swift; sourceTree = "<group>"; };
		9E6E72C42A41F3ED00BB009B /* Playthrough.swift */ = {isa = PBXFileReference; fileEncoding = 4; lastKnownFileType = sourcecode.swift; path = Playthrough.swift; sourceTree = "<group>"; };
		9E6E72C52A41F3EE00BB009B /* TopScoresDataProvider.swift */ = {isa = PBXFileReference; fileEncoding = 4; lastKnownFileType = sourcecode.swift; path = TopScoresDataProvider.swift; sourceTree = "<group>"; };
		9E6E72C62A41F3EE00BB009B /* TopScoresDataSource.swift */ = {isa = PBXFileReference; fileEncoding = 4; lastKnownFileType = sourcecode.swift; path = TopScoresDataSource.swift; sourceTree = "<group>"; };
		9ED3D78D2A42004A00BD31F9 /* MemoryPirates.entitlements */ = {isa = PBXFileReference; lastKnownFileType = text.plist.entitlements; path = MemoryPirates.entitlements; sourceTree = "<group>"; };
		9ED3D78E2A42AF3800BD31F9 /* GameCenterManager.swift */ = {isa = PBXFileReference; lastKnownFileType = sourcecode.swift; path = GameCenterManager.swift; sourceTree = "<group>"; };
		9EDDCBF72A3CF4C5006E7B01 /* MemoryPirates.app */ = {isa = PBXFileReference; explicitFileType = wrapper.application; includeInIndex = 0; path = MemoryPirates.app; sourceTree = BUILT_PRODUCTS_DIR; };
		9EDDCBFA2A3CF4C5006E7B01 /* AppDelegate.swift */ = {isa = PBXFileReference; lastKnownFileType = sourcecode.swift; path = AppDelegate.swift; sourceTree = "<group>"; };
		9EDDCBFC2A3CF4C5006E7B01 /* SceneDelegate.swift */ = {isa = PBXFileReference; lastKnownFileType = sourcecode.swift; path = SceneDelegate.swift; sourceTree = "<group>"; };
		9EDDCC042A3CF4C5006E7B01 /* MemoryPirates.xcdatamodel */ = {isa = PBXFileReference; lastKnownFileType = wrapper.xcdatamodel; path = MemoryPirates.xcdatamodel; sourceTree = "<group>"; };
		9EDDCC062A3CF4C8006E7B01 /* Assets.xcassets */ = {isa = PBXFileReference; lastKnownFileType = folder.assetcatalog; path = Assets.xcassets; sourceTree = "<group>"; };
		9EDDCC0B2A3CF4C8006E7B01 /* Info.plist */ = {isa = PBXFileReference; lastKnownFileType = text.plist.xml; path = Info.plist; sourceTree = "<group>"; };
/* End PBXFileReference section */

/* Begin PBXFrameworksBuildPhase section */
		9EDDCBF42A3CF4C5006E7B01 /* Frameworks */ = {
			isa = PBXFrameworksBuildPhase;
			buildActionMask = 2147483647;
			files = (
			);
			runOnlyForDeploymentPostprocessing = 0;
		};
/* End PBXFrameworksBuildPhase section */

/* Begin PBXGroup section */
		9E6E72AB2A41F0D900BB009B /* Views */ = {
			isa = PBXGroup;
			children = (
				9E6E72B92A41F21C00BB009B /* LaunchScreen.storyboard */,
				9E6E72BA2A41F21D00BB009B /* Main.storyboard */,
				9E1C35792A468423002C4661 /* OptionsView.swift */,
				9E1C357B2A469978002C4661 /* AudioOptionsView.swift */,
			);
			path = Views;
			sourceTree = "<group>";
		};
		9E6E72AC2A41F0EB00BB009B /* Models */ = {
			isa = PBXGroup;
			children = (
				9E6E72C32A41F3ED00BB009B /* Audio.swift */,
				9E6E72C42A41F3ED00BB009B /* Playthrough.swift */,
				9E6E72C52A41F3EE00BB009B /* TopScoresDataProvider.swift */,
				9E6E72C62A41F3EE00BB009B /* TopScoresDataSource.swift */,
				9EDDCC032A3CF4C5006E7B01 /* MemoryPirates.xcdatamodeld */,
			);
			path = Models;
			sourceTree = "<group>";
		};
		9E6E72AD2A41F10800BB009B /* Assets */ = {
			isa = PBXGroup;
			children = (
				9EDDCC062A3CF4C8006E7B01 /* Assets.xcassets */,
				9E6E72B32A41F1D600BB009B /* completeSound.mp3 */,
				9E6E72B22A41F1D600BB009B /* countDownSound.mp3 */,
				9E6E72AF2A41F1D600BB009B /* launchSound.mp3 */,
				9E6E72B12A41F1D600BB009B /* matchSound.mp3 */,
				9E6E72B02A41F1D600BB009B /* noMatchSound.mp3 */,
			);
			path = Assets;
			sourceTree = "<group>";
		};
		9E6E72AE2A41F11F00BB009B /* Controllers */ = {
			isa = PBXGroup;
			children = (
				9ED3D78E2A42AF3800BD31F9 /* GameCenterManager.swift */,
				9E6E72BF2A41F30B00BB009B /* ScoreBoardViewController.swift */,
				9E6E72BE2A41F30B00BB009B /* ViewController.swift */,
				9E6E72BD2A41F30B00BB009B /* ViewControllerExtension.swift */,
			);
			path = Controllers;
			sourceTree = "<group>";
		};
		9EDDCBEE2A3CF4C5006E7B01 = {
			isa = PBXGroup;
			children = (
				9EDDCBF92A3CF4C5006E7B01 /* MemoryPirates */,
				9EDDCBF82A3CF4C5006E7B01 /* Products */,
			);
			sourceTree = "<group>";
		};
		9EDDCBF82A3CF4C5006E7B01 /* Products */ = {
			isa = PBXGroup;
			children = (
				9EDDCBF72A3CF4C5006E7B01 /* MemoryPirates.app */,
			);
			name = Products;
			sourceTree = "<group>";
		};
		9EDDCBF92A3CF4C5006E7B01 /* MemoryPirates */ = {
			isa = PBXGroup;
			children = (
				9ED3D78D2A42004A00BD31F9 /* MemoryPirates.entitlements */,
				9EDDCC0B2A3CF4C8006E7B01 /* Info.plist */,
				9EDDCBFA2A3CF4C5006E7B01 /* AppDelegate.swift */,
				9EDDCBFC2A3CF4C5006E7B01 /* SceneDelegate.swift */,
				9E6E72AC2A41F0EB00BB009B /* Models */,
				9E6E72AB2A41F0D900BB009B /* Views */,
				9E6E72AE2A41F11F00BB009B /* Controllers */,
				9E6E72AD2A41F10800BB009B /* Assets */,
			);
			path = MemoryPirates;
			sourceTree = "<group>";
		};
/* End PBXGroup section */

/* Begin PBXNativeTarget section */
		9EDDCBF62A3CF4C5006E7B01 /* MemoryPirates */ = {
			isa = PBXNativeTarget;
			buildConfigurationList = 9EDDCC0E2A3CF4C8006E7B01 /* Build configuration list for PBXNativeTarget "MemoryPirates" */;
			buildPhases = (
				9EDDCBF32A3CF4C5006E7B01 /* Sources */,
				9EDDCBF42A3CF4C5006E7B01 /* Frameworks */,
				9EDDCBF52A3CF4C5006E7B01 /* Resources */,
			);
			buildRules = (
			);
			dependencies = (
			);
			name = MemoryPirates;
			productName = MemoryPirates;
			productReference = 9EDDCBF72A3CF4C5006E7B01 /* MemoryPirates.app */;
			productType = "com.apple.product-type.application";
		};
/* End PBXNativeTarget section */

/* Begin PBXProject section */
		9EDDCBEF2A3CF4C5006E7B01 /* Project object */ = {
			isa = PBXProject;
			attributes = {
				BuildIndependentTargetsInParallel = 1;
				LastSwiftUpdateCheck = 1430;
				LastUpgradeCheck = 1430;
				TargetAttributes = {
					9EDDCBF62A3CF4C5006E7B01 = {
						CreatedOnToolsVersion = 14.3.1;
					};
				};
			};
			buildConfigurationList = 9EDDCBF22A3CF4C5006E7B01 /* Build configuration list for PBXProject "MemoryPirates" */;
			compatibilityVersion = "Xcode 14.0";
			developmentRegion = en;
			hasScannedForEncodings = 0;
			knownRegions = (
				en,
				Base,
			);
			mainGroup = 9EDDCBEE2A3CF4C5006E7B01;
			productRefGroup = 9EDDCBF82A3CF4C5006E7B01 /* Products */;
			projectDirPath = "";
			projectRoot = "";
			targets = (
				9EDDCBF62A3CF4C5006E7B01 /* MemoryPirates */,
			);
		};
/* End PBXProject section */

/* Begin PBXResourcesBuildPhase section */
		9EDDCBF52A3CF4C5006E7B01 /* Resources */ = {
			isa = PBXResourcesBuildPhase;
			buildActionMask = 2147483647;
			files = (
				9EDDCC072A3CF4C8006E7B01 /* Assets.xcassets in Resources */,
				9E6E72B82A41F1D600BB009B /* completeSound.mp3 in Resources */,
				9E6E72B52A41F1D600BB009B /* noMatchSound.mp3 in Resources */,
				9E6E72BC2A41F21D00BB009B /* Main.storyboard in Resources */,
				9E6E72B72A41F1D600BB009B /* countDownSound.mp3 in Resources */,
				9E6E72BB2A41F21D00BB009B /* LaunchScreen.storyboard in Resources */,
				9E6E72B62A41F1D600BB009B /* matchSound.mp3 in Resources */,
				9E6E72B42A41F1D600BB009B /* launchSound.mp3 in Resources */,
			);
			runOnlyForDeploymentPostprocessing = 0;
		};
/* End PBXResourcesBuildPhase section */

/* Begin PBXSourcesBuildPhase section */
		9EDDCBF32A3CF4C5006E7B01 /* Sources */ = {
			isa = PBXSourcesBuildPhase;
			buildActionMask = 2147483647;
			files = (
				9ED3D78F2A42AF3800BD31F9 /* GameCenterManager.swift in Sources */,
				9E6E72C12A41F30B00BB009B /* ViewController.swift in Sources */,
				9E6E72C02A41F30B00BB009B /* ViewControllerExtension.swift in Sources */,
				9E1C357A2A468423002C4661 /* OptionsView.swift in Sources */,
				9EDDCBFB2A3CF4C5006E7B01 /* AppDelegate.swift in Sources */,
				9E6E72C82A41F3EE00BB009B /* Playthrough.swift in Sources */,
				9EDDCBFD2A3CF4C5006E7B01 /* SceneDelegate.swift in Sources */,
				9E6E72C22A41F30B00BB009B /* ScoreBoardViewController.swift in Sources */,
				9E1C357C2A469978002C4661 /* AudioOptionsView.swift in Sources */,
				9E6E72C92A41F3EE00BB009B /* TopScoresDataProvider.swift in Sources */,
				9E6E72CA2A41F3EE00BB009B /* TopScoresDataSource.swift in Sources */,
				9EDDCC052A3CF4C5006E7B01 /* MemoryPirates.xcdatamodeld in Sources */,
				9E6E72C72A41F3EE00BB009B /* Audio.swift in Sources */,
			);
			runOnlyForDeploymentPostprocessing = 0;
		};
/* End PBXSourcesBuildPhase section */

/* Begin XCBuildConfiguration section */
		9EDDCC0C2A3CF4C8006E7B01 /* Debug */ = {
			isa = XCBuildConfiguration;
			buildSettings = {
				ALWAYS_SEARCH_USER_PATHS = NO;
				CLANG_ANALYZER_NONNULL = YES;
				CLANG_ANALYZER_NUMBER_OBJECT_CONVERSION = YES_AGGRESSIVE;
				CLANG_CXX_LANGUAGE_STANDARD = "gnu++20";
				CLANG_ENABLE_MODULES = YES;
				CLANG_ENABLE_OBJC_ARC = YES;
				CLANG_ENABLE_OBJC_WEAK = YES;
				CLANG_WARN_BLOCK_CAPTURE_AUTORELEASING = YES;
				CLANG_WARN_BOOL_CONVERSION = YES;
				CLANG_WARN_COMMA = YES;
				CLANG_WARN_CONSTANT_CONVERSION = YES;
				CLANG_WARN_DEPRECATED_OBJC_IMPLEMENTATIONS = YES;
				CLANG_WARN_DIRECT_OBJC_ISA_USAGE = YES_ERROR;
				CLANG_WARN_DOCUMENTATION_COMMENTS = YES;
				CLANG_WARN_EMPTY_BODY = YES;
				CLANG_WARN_ENUM_CONVERSION = YES;
				CLANG_WARN_INFINITE_RECURSION = YES;
				CLANG_WARN_INT_CONVERSION = YES;
				CLANG_WARN_NON_LITERAL_NULL_CONVERSION = YES;
				CLANG_WARN_OBJC_IMPLICIT_RETAIN_SELF = YES;
				CLANG_WARN_OBJC_LITERAL_CONVERSION = YES;
				CLANG_WARN_OBJC_ROOT_CLASS = YES_ERROR;
				CLANG_WARN_QUOTED_INCLUDE_IN_FRAMEWORK_HEADER = YES;
				CLANG_WARN_RANGE_LOOP_ANALYSIS = YES;
				CLANG_WARN_STRICT_PROTOTYPES = YES;
				CLANG_WARN_SUSPICIOUS_MOVE = YES;
				CLANG_WARN_UNGUARDED_AVAILABILITY = YES_AGGRESSIVE;
				CLANG_WARN_UNREACHABLE_CODE = YES;
				CLANG_WARN__DUPLICATE_METHOD_MATCH = YES;
				COPY_PHASE_STRIP = NO;
				DEBUG_INFORMATION_FORMAT = dwarf;
				ENABLE_STRICT_OBJC_MSGSEND = YES;
				ENABLE_TESTABILITY = YES;
				GCC_C_LANGUAGE_STANDARD = gnu11;
				GCC_DYNAMIC_NO_PIC = NO;
				GCC_NO_COMMON_BLOCKS = YES;
				GCC_OPTIMIZATION_LEVEL = 0;
				GCC_PREPROCESSOR_DEFINITIONS = (
					"DEBUG=1",
					"$(inherited)",
				);
				GCC_WARN_64_TO_32_BIT_CONVERSION = YES;
				GCC_WARN_ABOUT_RETURN_TYPE = YES_ERROR;
				GCC_WARN_UNDECLARED_SELECTOR = YES;
				GCC_WARN_UNINITIALIZED_AUTOS = YES_AGGRESSIVE;
				GCC_WARN_UNUSED_FUNCTION = YES;
				GCC_WARN_UNUSED_VARIABLE = YES;
				IPHONEOS_DEPLOYMENT_TARGET = 16.4;
				MTL_ENABLE_DEBUG_INFO = INCLUDE_SOURCE;
				MTL_FAST_MATH = YES;
				ONLY_ACTIVE_ARCH = YES;
				SDKROOT = iphoneos;
				SWIFT_ACTIVE_COMPILATION_CONDITIONS = DEBUG;
				SWIFT_OPTIMIZATION_LEVEL = "-Onone";
			};
			name = Debug;
		};
		9EDDCC0D2A3CF4C8006E7B01 /* Release */ = {
			isa = XCBuildConfiguration;
			buildSettings = {
				ALWAYS_SEARCH_USER_PATHS = NO;
				CLANG_ANALYZER_NONNULL = YES;
				CLANG_ANALYZER_NUMBER_OBJECT_CONVERSION = YES_AGGRESSIVE;
				CLANG_CXX_LANGUAGE_STANDARD = "gnu++20";
				CLANG_ENABLE_MODULES = YES;
				CLANG_ENABLE_OBJC_ARC = YES;
				CLANG_ENABLE_OBJC_WEAK = YES;
				CLANG_WARN_BLOCK_CAPTURE_AUTORELEASING = YES;
				CLANG_WARN_BOOL_CONVERSION = YES;
				CLANG_WARN_COMMA = YES;
				CLANG_WARN_CONSTANT_CONVERSION = YES;
				CLANG_WARN_DEPRECATED_OBJC_IMPLEMENTATIONS = YES;
				CLANG_WARN_DIRECT_OBJC_ISA_USAGE = YES_ERROR;
				CLANG_WARN_DOCUMENTATION_COMMENTS = YES;
				CLANG_WARN_EMPTY_BODY = YES;
				CLANG_WARN_ENUM_CONVERSION = YES;
				CLANG_WARN_INFINITE_RECURSION = YES;
				CLANG_WARN_INT_CONVERSION = YES;
				CLANG_WARN_NON_LITERAL_NULL_CONVERSION = YES;
				CLANG_WARN_OBJC_IMPLICIT_RETAIN_SELF = YES;
				CLANG_WARN_OBJC_LITERAL_CONVERSION = YES;
				CLANG_WARN_OBJC_ROOT_CLASS = YES_ERROR;
				CLANG_WARN_QUOTED_INCLUDE_IN_FRAMEWORK_HEADER = YES;
				CLANG_WARN_RANGE_LOOP_ANALYSIS = YES;
				CLANG_WARN_STRICT_PROTOTYPES = YES;
				CLANG_WARN_SUSPICIOUS_MOVE = YES;
				CLANG_WARN_UNGUARDED_AVAILABILITY = YES_AGGRESSIVE;
				CLANG_WARN_UNREACHABLE_CODE = YES;
				CLANG_WARN__DUPLICATE_METHOD_MATCH = YES;
				COPY_PHASE_STRIP = NO;
				DEBUG_INFORMATION_FORMAT = "dwarf-with-dsym";
				ENABLE_NS_ASSERTIONS = NO;
				ENABLE_STRICT_OBJC_MSGSEND = YES;
				GCC_C_LANGUAGE_STANDARD = gnu11;
				GCC_NO_COMMON_BLOCKS = YES;
				GCC_WARN_64_TO_32_BIT_CONVERSION = YES;
				GCC_WARN_ABOUT_RETURN_TYPE = YES_ERROR;
				GCC_WARN_UNDECLARED_SELECTOR = YES;
				GCC_WARN_UNINITIALIZED_AUTOS = YES_AGGRESSIVE;
				GCC_WARN_UNUSED_FUNCTION = YES;
				GCC_WARN_UNUSED_VARIABLE = YES;
				IPHONEOS_DEPLOYMENT_TARGET = 16.4;
				MTL_ENABLE_DEBUG_INFO = NO;
				MTL_FAST_MATH = YES;
				SDKROOT = iphoneos;
				SWIFT_COMPILATION_MODE = wholemodule;
				SWIFT_OPTIMIZATION_LEVEL = "-O";
				VALIDATE_PRODUCT = YES;
			};
			name = Release;
		};
		9EDDCC0F2A3CF4C8006E7B01 /* Debug */ = {
			isa = XCBuildConfiguration;
			buildSettings = {
				ASSETCATALOG_COMPILER_APPICON_NAME = AppIcon;
				ASSETCATALOG_COMPILER_GLOBAL_ACCENT_COLOR_NAME = AccentColor;
				CODE_SIGN_ENTITLEMENTS = MemoryPirates/MemoryPirates.entitlements;
				CODE_SIGN_STYLE = Automatic;
				CURRENT_PROJECT_VERSION = 1;
				DEVELOPMENT_TEAM = 5P8JPPPQ9D;
				GENERATE_INFOPLIST_FILE = YES;
				INFOPLIST_FILE = MemoryPirates/Info.plist;
				INFOPLIST_KEY_CFBundleDisplayName = "Memory Pirates";
				INFOPLIST_KEY_LSApplicationCategoryType = "public.app-category.games";
				INFOPLIST_KEY_UIApplicationSupportsIndirectInputEvents = YES;
				INFOPLIST_KEY_UILaunchStoryboardName = LaunchScreen.storyboard;
				INFOPLIST_KEY_UIMainStoryboardFile = Main;
				INFOPLIST_KEY_UISupportedInterfaceOrientations_iPad = "UIInterfaceOrientationPortrait UIInterfaceOrientationPortraitUpsideDown UIInterfaceOrientationLandscapeLeft UIInterfaceOrientationLandscapeRight";
				INFOPLIST_KEY_UISupportedInterfaceOrientations_iPhone = "UIInterfaceOrientationPortrait UIInterfaceOrientationLandscapeLeft UIInterfaceOrientationLandscapeRight";
				LD_RUNPATH_SEARCH_PATHS = (
					"$(inherited)",
					"@executable_path/Frameworks",
				);
				MARKETING_VERSION = 1.0;
				PRODUCT_BUNDLE_IDENTIFIER = com.triplemonkeystudio.MemoryPirates;
				PRODUCT_NAME = "$(TARGET_NAME)";
				SWIFT_EMIT_LOC_STRINGS = YES;
				SWIFT_VERSION = 5.0;
				TARGETED_DEVICE_FAMILY = "1,2";
			};
			name = Debug;
		};
		9EDDCC102A3CF4C8006E7B01 /* Release */ = {
			isa = XCBuildConfiguration;
			buildSettings = {
				ASSETCATALOG_COMPILER_APPICON_NAME = AppIcon;
				ASSETCATALOG_COMPILER_GLOBAL_ACCENT_COLOR_NAME = AccentColor;
				CODE_SIGN_ENTITLEMENTS = MemoryPirates/MemoryPirates.entitlements;
				CODE_SIGN_STYLE = Automatic;
				CURRENT_PROJECT_VERSION = 1;
				DEVELOPMENT_TEAM = 5P8JPPPQ9D;
				GENERATE_INFOPLIST_FILE = YES;
				INFOPLIST_FILE = MemoryPirates/Info.plist;
				INFOPLIST_KEY_CFBundleDisplayName = "Memory Pirates";
				INFOPLIST_KEY_LSApplicationCategoryType = "public.app-category.games";
				INFOPLIST_KEY_UIApplicationSupportsIndirectInputEvents = YES;
				INFOPLIST_KEY_UILaunchStoryboardName = LaunchScreen.storyboard;
				INFOPLIST_KEY_UIMainStoryboardFile = Main;
				INFOPLIST_KEY_UISupportedInterfaceOrientations_iPad = "UIInterfaceOrientationPortrait UIInterfaceOrientationPortraitUpsideDown UIInterfaceOrientationLandscapeLeft UIInterfaceOrientationLandscapeRight";
				INFOPLIST_KEY_UISupportedInterfaceOrientations_iPhone = "UIInterfaceOrientationPortrait UIInterfaceOrientationLandscapeLeft UIInterfaceOrientationLandscapeRight";
				LD_RUNPATH_SEARCH_PATHS = (
					"$(inherited)",
					"@executable_path/Frameworks",
				);
				MARKETING_VERSION = 1.0;
				PRODUCT_BUNDLE_IDENTIFIER = com.triplemonkeystudio.MemoryPirates;
				PRODUCT_NAME = "$(TARGET_NAME)";
				SWIFT_EMIT_LOC_STRINGS = YES;
				SWIFT_VERSION = 5.0;
				TARGETED_DEVICE_FAMILY = "1,2";
			};
			name = Release;
		};
/* End XCBuildConfiguration section */

/* Begin XCConfigurationList section */
		9EDDCBF22A3CF4C5006E7B01 /* Build configuration list for PBXProject "MemoryPirates" */ = {
			isa = XCConfigurationList;
			buildConfigurations = (
				9EDDCC0C2A3CF4C8006E7B01 /* Debug */,
				9EDDCC0D2A3CF4C8006E7B01 /* Release */,
			);
			defaultConfigurationIsVisible = 0;
			defaultConfigurationName = Release;
		};
		9EDDCC0E2A3CF4C8006E7B01 /* Build configuration list for PBXNativeTarget "MemoryPirates" */ = {
			isa = XCConfigurationList;
			buildConfigurations = (
				9EDDCC0F2A3CF4C8006E7B01 /* Debug */,
				9EDDCC102A3CF4C8006E7B01 /* Release */,
			);
			defaultConfigurationIsVisible = 0;
			defaultConfigurationName = Release;
		};
/* End XCConfigurationList section */

/* Begin XCVersionGroup section */
		9EDDCC032A3CF4C5006E7B01 /* MemoryPirates.xcdatamodeld */ = {
			isa = XCVersionGroup;
			children = (
				9EDDCC042A3CF4C5006E7B01 /* MemoryPirates.xcdatamodel */,
			);
			currentVersion = 9EDDCC042A3CF4C5006E7B01 /* MemoryPirates.xcdatamodel */;
			path = MemoryPirates.xcdatamodeld;
			sourceTree = "<group>";
			versionGroupType = wrapper.xcdatamodel;
		};
/* End XCVersionGroup section */
	};
	rootObject = 9EDDCBEF2A3CF4C5006E7B01 /* Project object */;
}
